
Microsoft Visual Studio Solution File, Format Version 12.00
# Visual Studio Version 17
VisualStudioVersion = 17.8.34330.188
MinimumVisualStudioVersion = 10.0.40219.1
Project("{FAE04EC0-301F-11D3-BF4B-00C04F79EFBC}") = "PokemonReviewApi", "PokemonReviewApi\PokemonReviewApi.csproj", "{199183A4-8FB1-43F1-91F4-6A334C878E3C}"
EndProject
Global
	GlobalSection(SolutionConfigurationPlatforms) = preSolution
		Debug|Any CPU = Debug|Any CPU
		Release|Any CPU = Release|Any CPU
	EndGlobalSection
	GlobalSection(ProjectConfigurationPlatforms) = postSolution
		{199183A4-8FB1-43F1-91F4-6A334C878E3C}.Debug|Any CPU.ActiveCfg = Debug|Any CPU
		{199183A4-8FB1-43F1-91F4-6A334C878E3C}.Debug|Any CPU.Build.0 = Debug|Any CPU
		{199183A4-8FB1-43F1-91F4-6A334C878E3C}.Release|Any CPU.ActiveCfg = Release|Any CPU
		{199183A4-8FB1-43F1-91F4-6A334C878E3C}.Release|Any CPU.Build.0 = Release|Any CPU
	EndGlobalSection
	GlobalSection(SolutionProperties) = preSolution
		HideSolutionNode = FALSE
	EndGlobalSection
	GlobalSection(ExtensibilityGlobals) = postSolution
		SolutionGuid = {B6E051AB-F7EA-4C72-8E75-096AF545729D}
	EndGlobalSection
EndGlobal
